
Microsoft Visual Studio Solution File, Format Version 12.00
# Visual Studio Version 16
VisualStudioVersion = 16.0.30717.126
MinimumVisualStudioVersion = 10.0.40219.1
Project("{FAE04EC0-301F-11D3-BF4B-00C04F79EFBC}") = "blazor-serverless-website", "blazor-serverless-website\blazor-serverless-website.csproj", "{5DD84A38-00B6-430E-92D1-85F4F7FBF994}"
EndProject
Global
	GlobalSection(SolutionConfigurationPlatforms) = preSolution
		Debug|Any CPU = Debug|Any CPU
		Release|Any CPU = Release|Any CPU
	EndGlobalSection
	GlobalSection(ProjectConfigurationPlatforms) = postSolution
		{5DD84A38-00B6-430E-92D1-85F4F7FBF994}.Debug|Any CPU.ActiveCfg = Debug|Any CPU
		{5DD84A38-00B6-430E-92D1-85F4F7FBF994}.Debug|Any CPU.Build.0 = Debug|Any CPU
		{5DD84A38-00B6-430E-92D1-85F4F7FBF994}.Release|Any CPU.ActiveCfg = Release|Any CPU
		{5DD84A38-00B6-430E-92D1-85F4F7FBF994}.Release|Any CPU.Build.0 = Release|Any CPU
	EndGlobalSection
	GlobalSection(SolutionProperties) = preSolution
		HideSolutionNode = FALSE
	EndGlobalSection
	GlobalSection(ExtensibilityGlobals) = postSolution
		SolutionGuid = {91FC0DAF-6B39-423F-92C8-8708E4D4A487}
	EndGlobalSection
EndGlobal
